
Microsoft Visual Studio Solution File, Format Version 12.00
# Visual Studio Version 16
VisualStudioVersion = 16.0.31702.278
MinimumVisualStudioVersion = 10.0.40219.1
Project("{888888A0-9F3D-457C-B088-3A5042F75D52}") = "PythonLab", "PythonLab.pyproj", "{89E3CBC5-889D-46D2-899E-B09CA39464BE}"
EndProject
Global
	GlobalSection(SolutionConfigurationPlatforms) = preSolution
		Debug|Any CPU = Debug|Any CPU
		Release|Any CPU = Release|Any CPU
	EndGlobalSection
	GlobalSection(ProjectConfigurationPlatforms) = postSolution
		{89E3CBC5-889D-46D2-899E-B09CA39464BE}.Debug|Any CPU.ActiveCfg = Debug|Any CPU
		{89E3CBC5-889D-46D2-899E-B09CA39464BE}.Release|Any CPU.ActiveCfg = Release|Any CPU
	EndGlobalSection
	GlobalSection(SolutionProperties) = preSolution
		HideSolutionNode = FALSE
	EndGlobalSection
	GlobalSection(ExtensibilityGlobals) = postSolution
		SolutionGuid = {6F677766-6DD2-4DB3-99CB-CF4F0BC1EFBB}
	EndGlobalSection
EndGlobal
